
Microsoft Visual Studio Solution File, Format Version 12.00
# Visual Studio Version 17
VisualStudioVersion = 17.13.35818.85
MinimumVisualStudioVersion = 10.0.40219.1
Project("{FAE04EC0-301F-11D3-BF4B-00C04F79EFBC}") = "SpaceSim", "SpaceSim\SpaceSim.csproj", "{4FA7DA22-869F-4C08-A974-BDA6B45DC29C}"
EndProject
Project("{FAE04EC0-301F-11D3-BF4B-00C04F79EFBC}") = "SolarSystemApp", "SolarSystemApp\SolarSystemApp.csproj", "{27DCE285-EFD3-41C9-B63D-C4EF1473EAF2}"
EndProject
Global
	GlobalSection(SolutionConfigurationPlatforms) = preSolution
		Debug|Any CPU = Debug|Any CPU
		Release|Any CPU = Release|Any CPU
	EndGlobalSection
	GlobalSection(ProjectConfigurationPlatforms) = postSolution
		{4FA7DA22-869F-4C08-A974-BDA6B45DC29C}.Debug|Any CPU.ActiveCfg = Debug|Any CPU
		{4FA7DA22-869F-4C08-A974-BDA6B45DC29C}.Debug|Any CPU.Build.0 = Debug|Any CPU
		{4FA7DA22-869F-4C08-A974-BDA6B45DC29C}.Release|Any CPU.ActiveCfg = Release|Any CPU
		{4FA7DA22-869F-4C08-A974-BDA6B45DC29C}.Release|Any CPU.Build.0 = Release|Any CPU
		{27DCE285-EFD3-41C9-B63D-C4EF1473EAF2}.Debug|Any CPU.ActiveCfg = Debug|Any CPU
		{27DCE285-EFD3-41C9-B63D-C4EF1473EAF2}.Debug|Any CPU.Build.0 = Debug|Any CPU
		{27DCE285-EFD3-41C9-B63D-C4EF1473EAF2}.Release|Any CPU.ActiveCfg = Release|Any CPU
		{27DCE285-EFD3-41C9-B63D-C4EF1473EAF2}.Release|Any CPU.Build.0 = Release|Any CPU
	EndGlobalSection
	GlobalSection(SolutionProperties) = preSolution
		HideSolutionNode = FALSE
	EndGlobalSection
	GlobalSection(ExtensibilityGlobals) = postSolution
		SolutionGuid = {77B83F73-73E8-44BB-936C-574B2592E1A1}
	EndGlobalSection
EndGlobal
